
Microsoft Visual Studio Solution File, Format Version 12.00
# Visual Studio Version 17
VisualStudioVersion = 17.7.34302.85
MinimumVisualStudioVersion = 10.0.40219.1
Project("{FAE04EC0-301F-11D3-BF4B-00C04F79EFBC}") = "CityCompareProxy", "CityCompareProxy.csproj", "{C5C150C4-FF80-4D4C-A251-9A27ACE2D5E5}"
EndProject
Global
	GlobalSection(SolutionConfigurationPlatforms) = preSolution
		Debug|Any CPU = Debug|Any CPU
		Release|Any CPU = Release|Any CPU
	EndGlobalSection
	GlobalSection(ProjectConfigurationPlatforms) = postSolution
		{C5C150C4-FF80-4D4C-A251-9A27ACE2D5E5}.Debug|Any CPU.ActiveCfg = Debug|Any CPU
		{C5C150C4-FF80-4D4C-A251-9A27ACE2D5E5}.Debug|Any CPU.Build.0 = Debug|Any CPU
		{C5C150C4-FF80-4D4C-A251-9A27ACE2D5E5}.Release|Any CPU.ActiveCfg = Release|Any CPU
		{C5C150C4-FF80-4D4C-A251-9A27ACE2D5E5}.Release|Any CPU.Build.0 = Release|Any CPU
	EndGlobalSection
	GlobalSection(SolutionProperties) = preSolution
		HideSolutionNode = FALSE
	EndGlobalSection
	GlobalSection(ExtensibilityGlobals) = postSolution
		SolutionGuid = {132B25A9-D9F7-4244-988D-FA37D051850D}
	EndGlobalSection
EndGlobal
